
Microsoft Visual Studio Solution File, Format Version 12.00
# Visual Studio Version 17
VisualStudioVersion = 17.1.32210.238
MinimumVisualStudioVersion = 10.0.40219.1
Project("{FAE04EC0-301F-11D3-BF4B-00C04F79EFBC}") = "КГ_Лаб1_Фильтры", "КГ_Лаб1_Фильтры.csproj", "{3361E5E9-19C0-4596-BAD7-81888CA39376}"
EndProject
Global
	GlobalSection(SolutionConfigurationPlatforms) = preSolution
		Debug|Any CPU = Debug|Any CPU
		Release|Any CPU = Release|Any CPU
	EndGlobalSection
	GlobalSection(ProjectConfigurationPlatforms) = postSolution
		{3361E5E9-19C0-4596-BAD7-81888CA39376}.Debug|Any CPU.ActiveCfg = Debug|Any CPU
		{3361E5E9-19C0-4596-BAD7-81888CA39376}.Debug|Any CPU.Build.0 = Debug|Any CPU
		{3361E5E9-19C0-4596-BAD7-81888CA39376}.Release|Any CPU.ActiveCfg = Release|Any CPU
		{3361E5E9-19C0-4596-BAD7-81888CA39376}.Release|Any CPU.Build.0 = Release|Any CPU
	EndGlobalSection
	GlobalSection(SolutionProperties) = preSolution
		HideSolutionNode = FALSE
	EndGlobalSection
	GlobalSection(ExtensibilityGlobals) = postSolution
		SolutionGuid = {BDF8BA78-EB19-4F8D-A4C8-A8F251E88F2E}
	EndGlobalSection
EndGlobal
